
Microsoft Visual Studio Solution File, Format Version 12.00
# Visual Studio Version 16
VisualStudioVersion = 16.0.33130.400
MinimumVisualStudioVersion = 10.0.40219.1
Project("{FAE04EC0-301F-11D3-BF4B-00C04F79EFBC}") = "GitApplication", "GitApplication\GitApplication.csproj", "{49256A1F-B6E1-4B76-87CE-CACAF1D23B6C}"
EndProject
Global
	GlobalSection(SolutionConfigurationPlatforms) = preSolution
		Debug|Any CPU = Debug|Any CPU
		Release|Any CPU = Release|Any CPU
	EndGlobalSection
	GlobalSection(ProjectConfigurationPlatforms) = postSolution
		{49256A1F-B6E1-4B76-87CE-CACAF1D23B6C}.Debug|Any CPU.ActiveCfg = Debug|Any CPU
		{49256A1F-B6E1-4B76-87CE-CACAF1D23B6C}.Debug|Any CPU.Build.0 = Debug|Any CPU
		{49256A1F-B6E1-4B76-87CE-CACAF1D23B6C}.Release|Any CPU.ActiveCfg = Release|Any CPU
		{49256A1F-B6E1-4B76-87CE-CACAF1D23B6C}.Release|Any CPU.Build.0 = Release|Any CPU
	EndGlobalSection
	GlobalSection(SolutionProperties) = preSolution
		HideSolutionNode = FALSE
	EndGlobalSection
	GlobalSection(ExtensibilityGlobals) = postSolution
		SolutionGuid = {369FC5CE-DC2B-4CEA-B6ED-40DD30341DE7}
	EndGlobalSection
EndGlobal
